
Microsoft Visual Studio Solution File, Format Version 12.00
# Visual Studio Version 17
VisualStudioVersion = 17.0.31903.59
MinimumVisualStudioVersion = 10.0.40219.1
Project("{FAE04EC0-301F-11D3-BF4B-00C04F79EFBC}") = "ProductService", "ProductService\ProductService.csproj", "{078ADD2A-C447-4B5D-BB0F-62B8679452B5}"
EndProject
Project("{FAE04EC0-301F-11D3-BF4B-00C04F79EFBC}") = "OrderService", "OrderService\OrderService.csproj", "{DC2DCE3C-AD51-4E02-A88B-D2F5B4B53414}"
EndProject
Project("{FAE04EC0-301F-11D3-BF4B-00C04F79EFBC}") = "CartService", "CartService\CartService.csproj", "{E1B946CA-CE81-4AAB-ACDE-96950D165941}"
EndProject
Project("{FAE04EC0-301F-11D3-BF4B-00C04F79EFBC}") = "PaymentService", "PaymentService\PaymentService.csproj", "{08792618-22C1-407A-8F92-7323D65C84BA}"
EndProject
Project("{FAE04EC0-301F-11D3-BF4B-00C04F79EFBC}") = "ApiGateway", "ApiGateway\ApiGateway.csproj", "{7FAEBDA7-F947-49F5-9E1F-B20D65875CD1}"
EndProject
Global
	GlobalSection(SolutionConfigurationPlatforms) = preSolution
		Debug|Any CPU = Debug|Any CPU
		Release|Any CPU = Release|Any CPU
	EndGlobalSection
	GlobalSection(SolutionProperties) = preSolution
		HideSolutionNode = FALSE
	EndGlobalSection
	GlobalSection(ProjectConfigurationPlatforms) = postSolution
		{078ADD2A-C447-4B5D-BB0F-62B8679452B5}.Debug|Any CPU.ActiveCfg = Debug|Any CPU
		{078ADD2A-C447-4B5D-BB0F-62B8679452B5}.Debug|Any CPU.Build.0 = Debug|Any CPU
		{078ADD2A-C447-4B5D-BB0F-62B8679452B5}.Release|Any CPU.ActiveCfg = Release|Any CPU
		{078ADD2A-C447-4B5D-BB0F-62B8679452B5}.Release|Any CPU.Build.0 = Release|Any CPU
		{DC2DCE3C-AD51-4E02-A88B-D2F5B4B53414}.Debug|Any CPU.ActiveCfg = Debug|Any CPU
		{DC2DCE3C-AD51-4E02-A88B-D2F5B4B53414}.Debug|Any CPU.Build.0 = Debug|Any CPU
		{DC2DCE3C-AD51-4E02-A88B-D2F5B4B53414}.Release|Any CPU.ActiveCfg = Release|Any CPU
		{DC2DCE3C-AD51-4E02-A88B-D2F5B4B53414}.Release|Any CPU.Build.0 = Release|Any CPU
		{E1B946CA-CE81-4AAB-ACDE-96950D165941}.Debug|Any CPU.ActiveCfg = Debug|Any CPU
		{E1B946CA-CE81-4AAB-ACDE-96950D165941}.Debug|Any CPU.Build.0 = Debug|Any CPU
		{E1B946CA-CE81-4AAB-ACDE-96950D165941}.Release|Any CPU.ActiveCfg = Release|Any CPU
		{E1B946CA-CE81-4AAB-ACDE-96950D165941}.Release|Any CPU.Build.0 = Release|Any CPU
		{08792618-22C1-407A-8F92-7323D65C84BA}.Debug|Any CPU.ActiveCfg = Debug|Any CPU
		{08792618-22C1-407A-8F92-7323D65C84BA}.Debug|Any CPU.Build.0 = Debug|Any CPU
		{08792618-22C1-407A-8F92-7323D65C84BA}.Release|Any CPU.ActiveCfg = Release|Any CPU
		{08792618-22C1-407A-8F92-7323D65C84BA}.Release|Any CPU.Build.0 = Release|Any CPU
		{7FAEBDA7-F947-49F5-9E1F-B20D65875CD1}.Debug|Any CPU.ActiveCfg = Debug|Any CPU
		{7FAEBDA7-F947-49F5-9E1F-B20D65875CD1}.Debug|Any CPU.Build.0 = Debug|Any CPU
		{7FAEBDA7-F947-49F5-9E1F-B20D65875CD1}.Release|Any CPU.ActiveCfg = Release|Any CPU
		{7FAEBDA7-F947-49F5-9E1F-B20D65875CD1}.Release|Any CPU.Build.0 = Release|Any CPU
	EndGlobalSection
EndGlobal
